
Microsoft Visual Studio Solution File, Format Version 12.00
# Visual Studio Version 16
VisualStudioVersion = 16.0.31112.23
MinimumVisualStudioVersion = 10.0.40219.1
Project("{9A19103F-16F7-4668-BE54-9A1E7A4F7556}") = "ProgramacaoAssincrona", "ProgramacaoAssincrona\ProgramacaoAssincrona.csproj", "{4D2790AC-7588-456D-924B-68A765E60B31}"
EndProject
Project("{FAE04EC0-301F-11D3-BF4B-00C04F79EFBC}") = "ProgramacaoSincrona", "ProgramacaoSincrona\ProgramacaoSincrona.csproj", "{17AEF294-263B-4610-9249-F9F98049F936}"
EndProject
Global
	GlobalSection(SolutionConfigurationPlatforms) = preSolution
		Debug|Any CPU = Debug|Any CPU
		Release|Any CPU = Release|Any CPU
	EndGlobalSection
	GlobalSection(ProjectConfigurationPlatforms) = postSolution
		{4D2790AC-7588-456D-924B-68A765E60B31}.Debug|Any CPU.ActiveCfg = Debug|Any CPU
		{4D2790AC-7588-456D-924B-68A765E60B31}.Debug|Any CPU.Build.0 = Debug|Any CPU
		{4D2790AC-7588-456D-924B-68A765E60B31}.Release|Any CPU.ActiveCfg = Release|Any CPU
		{4D2790AC-7588-456D-924B-68A765E60B31}.Release|Any CPU.Build.0 = Release|Any CPU
		{17AEF294-263B-4610-9249-F9F98049F936}.Debug|Any CPU.ActiveCfg = Debug|Any CPU
		{17AEF294-263B-4610-9249-F9F98049F936}.Debug|Any CPU.Build.0 = Debug|Any CPU
		{17AEF294-263B-4610-9249-F9F98049F936}.Release|Any CPU.ActiveCfg = Release|Any CPU
		{17AEF294-263B-4610-9249-F9F98049F936}.Release|Any CPU.Build.0 = Release|Any CPU
	EndGlobalSection
	GlobalSection(SolutionProperties) = preSolution
		HideSolutionNode = FALSE
	EndGlobalSection
	GlobalSection(ExtensibilityGlobals) = postSolution
		SolutionGuid = {00783821-0AAE-4812-B8C4-494C42A66257}
	EndGlobalSection
EndGlobal
